
Microsoft Visual Studio Solution File, Format Version 12.00
# Visual Studio Version 16
VisualStudioVersion = 16.0.28803.156
MinimumVisualStudioVersion = 10.0.40219.1
Project("{9A19103F-16F7-4668-BE54-9A1E7A4F7556}") = "AutomaticSharp", "AutomaticSharp\AutomaticSharp.csproj", "{676ECFFD-04F0-48C5-8FBB-7DC0C0FB5C02}"
EndProject
Project("{9A19103F-16F7-4668-BE54-9A1E7A4F7556}") = "AutomaticSharp.Auth", "AutomaticSharp.Auth\AutomaticSharp.Auth.csproj", "{55398FBA-9DC4-4473-B693-33DA922FB260}"
EndProject
Project("{9A19103F-16F7-4668-BE54-9A1E7A4F7556}") = "AutomaticSharp.Demo", "AutomaticSharp.Demo\AutomaticSharp.Demo.csproj", "{40CFEAFB-2AF1-4165-B8DC-A188CC36E907}"
EndProject
Project("{2150E333-8FDC-42A3-9474-1A3956D46DE8}") = "Solution Items", "Solution Items", "{FBDA0E55-7960-47D9-9A8D-B9358E472587}"
	ProjectSection(SolutionItems) = preProject
		.gitignore = .gitignore
		LICENSE.txt = LICENSE.txt
		README.md = README.md
	EndProjectSection
EndProject
Global
	GlobalSection(SolutionConfigurationPlatforms) = preSolution
		Debug|Any CPU = Debug|Any CPU
		Release|Any CPU = Release|Any CPU
	EndGlobalSection
	GlobalSection(ProjectConfigurationPlatforms) = postSolution
		{676ECFFD-04F0-48C5-8FBB-7DC0C0FB5C02}.Debug|Any CPU.ActiveCfg = Debug|Any CPU
		{676ECFFD-04F0-48C5-8FBB-7DC0C0FB5C02}.Debug|Any CPU.Build.0 = Debug|Any CPU
		{676ECFFD-04F0-48C5-8FBB-7DC0C0FB5C02}.Release|Any CPU.ActiveCfg = Release|Any CPU
		{676ECFFD-04F0-48C5-8FBB-7DC0C0FB5C02}.Release|Any CPU.Build.0 = Release|Any CPU
		{55398FBA-9DC4-4473-B693-33DA922FB260}.Debug|Any CPU.ActiveCfg = Debug|Any CPU
		{55398FBA-9DC4-4473-B693-33DA922FB260}.Debug|Any CPU.Build.0 = Debug|Any CPU
		{55398FBA-9DC4-4473-B693-33DA922FB260}.Release|Any CPU.ActiveCfg = Release|Any CPU
		{55398FBA-9DC4-4473-B693-33DA922FB260}.Release|Any CPU.Build.0 = Release|Any CPU
		{40CFEAFB-2AF1-4165-B8DC-A188CC36E907}.Debug|Any CPU.ActiveCfg = Debug|Any CPU
		{40CFEAFB-2AF1-4165-B8DC-A188CC36E907}.Debug|Any CPU.Build.0 = Debug|Any CPU
		{40CFEAFB-2AF1-4165-B8DC-A188CC36E907}.Release|Any CPU.ActiveCfg = Release|Any CPU
		{40CFEAFB-2AF1-4165-B8DC-A188CC36E907}.Release|Any CPU.Build.0 = Release|Any CPU
	EndGlobalSection
	GlobalSection(SolutionProperties) = preSolution
		HideSolutionNode = FALSE
	EndGlobalSection
	GlobalSection(ExtensibilityGlobals) = postSolution
		SolutionGuid = {67B695F2-BA57-4034-829B-C7E4D908EBDC}
	EndGlobalSection
EndGlobal
